
Microsoft Visual Studio Solution File, Format Version 12.00
# Visual Studio Version 17
VisualStudioVersion = 17.0.31903.59
MinimumVisualStudioVersion = 10.0.40219.1
Project("{FAE04EC0-301F-11D3-BF4B-00C04F79EFBC}") = "AB.Aplicacion", "AB.Aplicacion\AB.Aplicacion.csproj", "{9F2E0E43-9949-4503-B4C1-9387836B50B4}"
EndProject
Project("{FAE04EC0-301F-11D3-BF4B-00C04F79EFBC}") = "AB.Repositorios", "AB.Repositorios\AB.Repositorios.csproj", "{47F47827-CC9F-4D67-B386-2361E70CFE3F}"
EndProject
Project("{FAE04EC0-301F-11D3-BF4B-00C04F79EFBC}") = "AB.UI", "AB.UI\AB.UI.csproj", "{643EDE0D-B649-4548-8F4B-15457B1F47FE}"
EndProject
Global
	GlobalSection(SolutionConfigurationPlatforms) = preSolution
		Debug|Any CPU = Debug|Any CPU
		Release|Any CPU = Release|Any CPU
	EndGlobalSection
	GlobalSection(SolutionProperties) = preSolution
		HideSolutionNode = FALSE
	EndGlobalSection
	GlobalSection(ProjectConfigurationPlatforms) = postSolution
		{9F2E0E43-9949-4503-B4C1-9387836B50B4}.Debug|Any CPU.ActiveCfg = Debug|Any CPU
		{9F2E0E43-9949-4503-B4C1-9387836B50B4}.Debug|Any CPU.Build.0 = Debug|Any CPU
		{9F2E0E43-9949-4503-B4C1-9387836B50B4}.Release|Any CPU.ActiveCfg = Release|Any CPU
		{9F2E0E43-9949-4503-B4C1-9387836B50B4}.Release|Any CPU.Build.0 = Release|Any CPU
		{47F47827-CC9F-4D67-B386-2361E70CFE3F}.Debug|Any CPU.ActiveCfg = Debug|Any CPU
		{47F47827-CC9F-4D67-B386-2361E70CFE3F}.Debug|Any CPU.Build.0 = Debug|Any CPU
		{47F47827-CC9F-4D67-B386-2361E70CFE3F}.Release|Any CPU.ActiveCfg = Release|Any CPU
		{47F47827-CC9F-4D67-B386-2361E70CFE3F}.Release|Any CPU.Build.0 = Release|Any CPU
		{643EDE0D-B649-4548-8F4B-15457B1F47FE}.Debug|Any CPU.ActiveCfg = Debug|Any CPU
		{643EDE0D-B649-4548-8F4B-15457B1F47FE}.Debug|Any CPU.Build.0 = Debug|Any CPU
		{643EDE0D-B649-4548-8F4B-15457B1F47FE}.Release|Any CPU.ActiveCfg = Release|Any CPU
		{643EDE0D-B649-4548-8F4B-15457B1F47FE}.Release|Any CPU.Build.0 = Release|Any CPU
	EndGlobalSection
EndGlobal
